// !$*UTF8*$!
{
	archiveVersion = 1;
	classes = {
	};
	objectVersion = 48;
	objects = {

/* Begin PBXBuildFile section */
		721492511FD2AB8D00EF613E /* AppDelegate.swift in Sources */ = {isa = PBXBuildFile; fileRef = 721492501FD2AB8D00EF613E /* AppDelegate.swift */; };
		721492531FD2AB8D00EF613E /* ViewController.swift in Sources */ = {isa = PBXBuildFile; fileRef = 721492521FD2AB8D00EF613E /* ViewController.swift */; };
		721492561FD2AB8D00EF613E /* Main.storyboard in Resources */ = {isa = PBXBuildFile; fileRef = 721492541FD2AB8D00EF613E /* Main.storyboard */; };
		721492581FD2AB8D00EF613E /* Assets.xcassets in Resources */ = {isa = PBXBuildFile; fileRef = 721492571FD2AB8D00EF613E /* Assets.xcassets */; };
		7214925B1FD2AB8D00EF613E /* LaunchScreen.storyboard in Resources */ = {isa = PBXBuildFile; fileRef = 721492591FD2AB8D00EF613E /* LaunchScreen.storyboard */; };
		721492671FD2AEBE00EF613E /* snakeCircleView.xib in Resources */ = {isa = PBXBuildFile; fileRef = 721492661FD2AEBE00EF613E /* snakeCircleView.xib */; };
		721492691FD2AEF200EF613E /* SnakeCircleView.swift in Sources */ = {isa = PBXBuildFile; fileRef = 721492681FD2AEF200EF613E /* SnakeCircleView.swift */; };
/* End PBXBuildFile section */

/* Begin PBXFileReference section */
		7214924D1FD2AB8D00EF613E /* homework_taskThree.app */ = {isa = PBXFileReference; explicitFileType = wrapper.application; includeInIndex = 0; path = homework_taskThree.app; sourceTree = BUILT_PRODUCTS_DIR; };
		721492501FD2AB8D00EF613E /* AppDelegate.swift */ = {isa = PBXFileReference; lastKnownFileType = sourcecode.swift; path = AppDelegate.swift; sourceTree = "<group>"; };
		721492521FD2AB8D00EF613E /* ViewController.swift */ = {isa = PBXFileReference; lastKnownFileType = sourcecode.swift; path = ViewController.swift; sourceTree = "<group>"; };
		721492551FD2AB8D00EF613E /* Base */ = {isa = PBXFileReference; lastKnownFileType = file.storyboard; name = Base; path = Base.lproj/Main.storyboard; sourceTree = "<group>"; };
		721492571FD2AB8D00EF613E /* Assets.xcassets */ = {isa = PBXFileReference; lastKnownFileType = folder.assetcatalog; path = Assets.xcassets; sourceTree = "<group>"; };
		7214925A1FD2AB8D00EF613E /* Base */ = {isa = PBXFileReference; lastKnownFileType = file.storyboard; name = Base; path = Base.lproj/LaunchScreen.storyboard; sourceTree = "<group>"; };
		7214925C1FD2AB8D00EF613E /* Info.plist */ = {isa = PBXFileReference; lastKnownFileType = text.plist.xml; path = Info.plist; sourceTree = "<group>"; };
		721492661FD2AEBE00EF613E /* snakeCircleView.xib */ = {isa = PBXFileReference; lastKnownFileType = file.xib; path = snakeCircleView.xib; sourceTree = "<group>"; };
		721492681FD2AEF200EF613E /* SnakeCircleView.swift */ = {isa = PBXFileReference; lastKnownFileType = sourcecode.swift; path = SnakeCircleView.swift; sourceTree = "<group>"; };
/* End PBXFileReference section */

/* Begin PBXFrameworksBuildPhase section */
		7214924A1FD2AB8D00EF613E /* Frameworks */ = {
			isa = PBXFrameworksBuildPhase;
			buildActionMask = 2147483647;
			files = (
			);
			runOnlyForDeploymentPostprocessing = 0;
		};
/* End PBXFrameworksBuildPhase section */

/* Begin PBXGroup section */
		721492441FD2AB8D00EF613E = {
			isa = PBXGroup;
			children = (
				7214924F1FD2AB8D00EF613E /* homework_taskThree */,
				7214924E1FD2AB8D00EF613E /* Products */,
			);
			sourceTree = "<group>";
		};
		7214924E1FD2AB8D00EF613E /* Products */ = {
			isa = PBXGroup;
			children = (
				7214924D1FD2AB8D00EF613E /* homework_taskThree.app */,
			);
			name = Products;
			sourceTree = "<group>";
		};
		7214924F1FD2AB8D00EF613E /* homework_taskThree */ = {
			isa = PBXGroup;
			children = (
				721492501FD2AB8D00EF613E /* AppDelegate.swift */,
				721492521FD2AB8D00EF613E /* ViewController.swift */,
				721492541FD2AB8D00EF613E /* Main.storyboard */,
				721492571FD2AB8D00EF613E /* Assets.xcassets */,
				721492591FD2AB8D00EF613E /* LaunchScreen.storyboard */,
				7214925C1FD2AB8D00EF613E /* Info.plist */,
				721492661FD2AEBE00EF613E /* snakeCircleView.xib */,
				721492681FD2AEF200EF613E /* SnakeCircleView.swift */,
			);
			path = homework_taskThree;
			sourceTree = "<group>";
		};
/* End PBXGroup section */

/* Begin PBXNativeTarget section */
		7214924C1FD2AB8D00EF613E /* homework_taskThree */ = {
			isa = PBXNativeTarget;
			buildConfigurationList = 7214925F1FD2AB8D00EF613E /* Build configuration list for PBXNativeTarget "homework_taskThree" */;
			buildPhases = (
				721492491FD2AB8D00EF613E /* Sources */,
				7214924A1FD2AB8D00EF613E /* Frameworks */,
				7214924B1FD2AB8D00EF613E /* Resources */,
			);
			buildRules = (
			);
			dependencies = (
			);
			name = homework_taskThree;
			productName = homework_taskThree;
			productReference = 7214924D1FD2AB8D00EF613E /* homework_taskThree.app */;
			productType = "com.apple.product-type.application";
		};
/* End PBXNativeTarget section */

/* Begin PBXProject section */
		721492451FD2AB8D00EF613E /* Project object */ = {
			isa = PBXProject;
			attributes = {
				LastSwiftUpdateCheck = 0910;
				LastUpgradeCheck = 0910;
				ORGANIZATIONNAME = "Lab122-09";
				TargetAttributes = {
					7214924C1FD2AB8D00EF613E = {
						CreatedOnToolsVersion = 9.1;
						ProvisioningStyle = Automatic;
					};
				};
			};
			buildConfigurationList = 721492481FD2AB8D00EF613E /* Build configuration list for PBXProject "homework_taskThree" */;
			compatibilityVersion = "Xcode 8.0";
			developmentRegion = en;
			hasScannedForEncodings = 0;
			knownRegions = (
				en,
				Base,
			);
			mainGroup = 721492441FD2AB8D00EF613E;
			productRefGroup = 7214924E1FD2AB8D00EF613E /* Products */;
			projectDirPath = "";
			projectRoot = "";
			targets = (
				7214924C1FD2AB8D00EF613E /* homework_taskThree */,
			);
		};
/* End PBXProject section */

/* Begin PBXResourcesBuildPhase section */
		7214924B1FD2AB8D00EF613E /* Resources */ = {
			isa = PBXResourcesBuildPhase;
			buildActionMask = 2147483647;
			files = (
				7214925B1FD2AB8D00EF613E /* LaunchScreen.storyboard in Resources */,
				721492581FD2AB8D00EF613E /* Assets.xcassets in Resources */,
				721492561FD2AB8D00EF613E /* Main.storyboard in Resources */,
				721492671FD2AEBE00EF613E /* snakeCircleView.xib in Resources */,
			);
			runOnlyForDeploymentPostprocessing = 0;
		};
/* End PBXResourcesBuildPhase section */

/* Begin PBXSourcesBuildPhase section */
		721492491FD2AB8D00EF613E /* Sources */ = {
			isa = PBXSourcesBuildPhase;
			buildActionMask = 2147483647;
			files = (
				721492531FD2AB8D00EF613E /* ViewController.swift in Sources */,
				721492691FD2AEF200EF613E /* SnakeCircleView.swift in Sources */,
				721492511FD2AB8D00EF613E /* AppDelegate.swift in Sources */,
			);
			runOnlyForDeploymentPostprocessing = 0;
		};
/* End PBXSourcesBuildPhase section */

/* Begin PBXVariantGroup section */
		721492541FD2AB8D00EF613E /* Main.storyboard */ = {
			isa = PBXVariantGroup;
			children = (
				721492551FD2AB8D00EF613E /* Base */,
			);
			name = Main.storyboard;
			sourceTree = "<group>";
		};
		721492591FD2AB8D00EF613E /* LaunchScreen.storyboard */ = {
			isa = PBXVariantGroup;
			children = (
				7214925A1FD2AB8D00EF613E /* Base */,
			);
			name = LaunchScreen.storyboard;
			sourceTree = "<group>";
		};
/* End PBXVariantGroup section */

/* Begin XCBuildConfiguration section */
		7214925D1FD2AB8D00EF613E /* Debug */ = {
			isa = XCBuildConfiguration;
			buildSettings = {
				ALWAYS_SEARCH_USER_PATHS = NO;
				CLANG_ANALYZER_NONNULL = YES;
				CLANG_ANALYZER_NUMBER_OBJECT_CONVERSION = YES_AGGRESSIVE;
				CLANG_CXX_LANGUAGE_STANDARD = "gnu++14";
				CLANG_CXX_LIBRARY = "libc++";
				CLANG_ENABLE_MODULES = YES;
				CLANG_ENABLE_OBJC_ARC = YES;
				CLANG_WARN_BLOCK_CAPTURE_AUTORELEASING = YES;
				CLANG_WARN_BOOL_CONVERSION = YES;
				CLANG_WARN_COMMA = YES;
				CLANG_WARN_CONSTANT_CONVERSION = YES;
				CLANG_WARN_DIRECT_OBJC_ISA_USAGE = YES_ERROR;
				CLANG_WARN_DOCUMENTATION_COMMENTS = YES;
				CLANG_WARN_EMPTY_BODY = YES;
				CLANG_WARN_ENUM_CONVERSION = YES;
				CLANG_WARN_INFINITE_RECURSION = YES;
				CLANG_WARN_INT_CONVERSION = YES;
				CLANG_WARN_NON_LITERAL_NULL_CONVERSION = YES;
				CLANG_WARN_OBJC_LITERAL_CONVERSION = YES;
				CLANG_WARN_OBJC_ROOT_CLASS = YES_ERROR;
				CLANG_WARN_RANGE_LOOP_ANALYSIS = YES;
				CLANG_WARN_STRICT_PROTOTYPES = YES;
				CLANG_WARN_SUSPICIOUS_MOVE = YES;
				CLANG_WARN_UNGUARDED_AVAILABILITY = YES_AGGRESSIVE;
				CLANG_WARN_UNREACHABLE_CODE = YES;
				CLANG_WARN__DUPLICATE_METHOD_MATCH = YES;
				CODE_SIGN_IDENTITY = "iPhone Developer";
				COPY_PHASE_STRIP = NO;
				DEBUG_INFORMATION_FORMAT = dwarf;
				ENABLE_STRICT_OBJC_MSGSEND = YES;
				ENABLE_TESTABILITY = YES;
				GCC_C_LANGUAGE_STANDARD = gnu11;
				GCC_DYNAMIC_NO_PIC = NO;
				GCC_NO_COMMON_BLOCKS = YES;
				GCC_OPTIMIZATION_LEVEL = 0;
				GCC_PREPROCESSOR_DEFINITIONS = (
					"DEBUG=1",
					"$(inherited)",
				);
				GCC_WARN_64_TO_32_BIT_CONVERSION = YES;
				GCC_WARN_ABOUT_RETURN_TYPE = YES_ERROR;
				GCC_WARN_UNDECLARED_SELECTOR = YES;
				GCC_WARN_UNINITIALIZED_AUTOS = YES_AGGRESSIVE;
				GCC_WARN_UNUSED_FUNCTION = YES;
				GCC_WARN_UNUSED_VARIABLE = YES;
				IPHONEOS_DEPLOYMENT_TARGET = 11.1;
				MTL_ENABLE_DEBUG_INFO = YES;
				ONLY_ACTIVE_ARCH = YES;
				SDKROOT = iphoneos;
				SWIFT_ACTIVE_COMPILATION_CONDITIONS = DEBUG;
				SWIFT_OPTIMIZATION_LEVEL = "-Onone";
			};
			name = Debug;
		};
		7214925E1FD2AB8D00EF613E /* Release */ = {
			isa = XCBuildConfiguration;
			buildSettings = {
				ALWAYS_SEARCH_USER_PATHS = NO;
				CLANG_ANALYZER_NONNULL = YES;
				CLANG_ANALYZER_NUMBER_OBJECT_CONVERSION = YES_AGGRESSIVE;
				CLANG_CXX_LANGUAGE_STANDARD = "gnu++14";
				CLANG_CXX_LIBRARY = "libc++";
				CLANG_ENABLE_MODULES = YES;
				CLANG_ENABLE_OBJC_ARC = YES;
				CLANG_WARN_BLOCK_CAPTURE_AUTORELEASING = YES;
				CLANG_WARN_BOOL_CONVERSION = YES;
				CLANG_WARN_COMMA = YES;
				CLANG_WARN_CONSTANT_CONVERSION = YES;
				CLANG_WARN_DIRECT_OBJC_ISA_USAGE = YES_ERROR;
				CLANG_WARN_DOCUMENTATION_COMMENTS = YES;
				CLANG_WARN_EMPTY_BODY = YES;
				CLANG_WARN_ENUM_CONVERSION = YES;
				CLANG_WARN_INFINITE_RECURSION = YES;
				CLANG_WARN_INT_CONVERSION = YES;
				CLANG_WARN_NON_LITERAL_NULL_CONVERSION = YES;
				CLANG_WARN_OBJC_LITERAL_CONVERSION = YES;
				CLANG_WARN_OBJC_ROOT_CLASS = YES_ERROR;
				CLANG_WARN_RANGE_LOOP_ANALYSIS = YES;
				CLANG_WARN_STRICT_PROTOTYPES = YES;
				CLANG_WARN_SUSPICIOUS_MOVE = YES;
				CLANG_WARN_UNGUARDED_AVAILABILITY = YES_AGGRESSIVE;
				CLANG_WARN_UNREACHABLE_CODE = YES;
				CLANG_WARN__DUPLICATE_METHOD_MATCH = YES;
				CODE_SIGN_IDENTITY = "iPhone Developer";
				COPY_PHASE_STRIP = NO;
				DEBUG_INFORMATION_FORMAT = "dwarf-with-dsym";
				ENABLE_NS_ASSERTIONS = NO;
				ENABLE_STRICT_OBJC_MSGSEND = YES;
				GCC_C_LANGUAGE_STANDARD = gnu11;
				GCC_NO_COMMON_BLOCKS = YES;
				GCC_WARN_64_TO_32_BIT_CONVERSION = YES;
				GCC_WARN_ABOUT_RETURN_TYPE = YES_ERROR;
				GCC_WARN_UNDECLARED_SELECTOR = YES;
				GCC_WARN_UNINITIALIZED_AUTOS = YES_AGGRESSIVE;
				GCC_WARN_UNUSED_FUNCTION = YES;
				GCC_WARN_UNUSED_VARIABLE = YES;
				IPHONEOS_DEPLOYMENT_TARGET = 11.1;
				MTL_ENABLE_DEBUG_INFO = NO;
				SDKROOT = iphoneos;
				SWIFT_OPTIMIZATION_LEVEL = "-Owholemodule";
				VALIDATE_PRODUCT = YES;
			};
			name = Release;
		};
		721492601FD2AB8D00EF613E /* Debug */ = {
			isa = XCBuildConfiguration;
			buildSettings = {
				ASSETCATALOG_COMPILER_APPICON_NAME = AppIcon;
				CODE_SIGN_STYLE = Automatic;
				INFOPLIST_FILE = homework_taskThree/Info.plist;
				LD_RUNPATH_SEARCH_PATHS = "$(inherited) @executable_path/Frameworks";
				PRODUCT_BUNDLE_IDENTIFIER = "asd.homework-taskThree";
				PRODUCT_NAME = "$(TARGET_NAME)";
				SWIFT_VERSION = 4.0;
				TARGETED_DEVICE_FAMILY = "1,2";
			};
			name = Debug;
		};
		721492611FD2AB8D00EF613E /* Release */ = {
			isa = XCBuildConfiguration;
			buildSettings = {
				ASSETCATALOG_COMPILER_APPICON_NAME = AppIcon;
				CODE_SIGN_STYLE = Automatic;
				INFOPLIST_FILE = homework_taskThree/Info.plist;
				LD_RUNPATH_SEARCH_PATHS = "$(inherited) @executable_path/Frameworks";
				PRODUCT_BUNDLE_IDENTIFIER = "asd.homework-taskThree";
				PRODUCT_NAME = "$(TARGET_NAME)";
				SWIFT_VERSION = 4.0;
				TARGETED_DEVICE_FAMILY = "1,2";
			};
			name = Release;
		};
/* End XCBuildConfiguration section */

/* Begin XCConfigurationList section */
		721492481FD2AB8D00EF613E /* Build configuration list for PBXProject "homework_taskThree" */ = {
			isa = XCConfigurationList;
			buildConfigurations = (
				7214925D1FD2AB8D00EF613E /* Debug */,
				7214925E1FD2AB8D00EF613E /* Release */,
			);
			defaultConfigurationIsVisible = 0;
			defaultConfigurationName = Release;
		};
		7214925F1FD2AB8D00EF613E /* Build configuration list for PBXNativeTarget "homework_taskThree" */ = {
			isa = XCConfigurationList;
			buildConfigurations = (
				721492601FD2AB8D00EF613E /* Debug */,
				721492611FD2AB8D00EF613E /* Release */,
			);
			defaultConfigurationIsVisible = 0;
			defaultConfigurationName = Release;
		};
/* End XCConfigurationList section */
	};
	rootObject = 721492451FD2AB8D00EF613E /* Project object */;
}
